
Microsoft Visual Studio Solution File, Format Version 12.00
# Visual Studio Version 17
VisualStudioVersion = 17.2.32526.322
MinimumVisualStudioVersion = 10.0.40219.1
Project("{FAE04EC0-301F-11D3-BF4B-00C04F79EFBC}") = "EventBudDemo", "EventBudDemo\EventBudDemo.csproj", "{D35C5A09-7F88-47B2-9E55-EE09D00CFBF2}"
EndProject
Global
	GlobalSection(SolutionConfigurationPlatforms) = preSolution
		Debug|Any CPU = Debug|Any CPU
		Release|Any CPU = Release|Any CPU
	EndGlobalSection
	GlobalSection(ProjectConfigurationPlatforms) = postSolution
		{D35C5A09-7F88-47B2-9E55-EE09D00CFBF2}.Debug|Any CPU.ActiveCfg = Debug|Any CPU
		{D35C5A09-7F88-47B2-9E55-EE09D00CFBF2}.Debug|Any CPU.Build.0 = Debug|Any CPU
		{D35C5A09-7F88-47B2-9E55-EE09D00CFBF2}.Release|Any CPU.ActiveCfg = Release|Any CPU
		{D35C5A09-7F88-47B2-9E55-EE09D00CFBF2}.Release|Any CPU.Build.0 = Release|Any CPU
	EndGlobalSection
	GlobalSection(SolutionProperties) = preSolution
		HideSolutionNode = FALSE
	EndGlobalSection
	GlobalSection(ExtensibilityGlobals) = postSolution
		SolutionGuid = {C9526CF6-C457-4538-9B67-601096AE550F}
	EndGlobalSection
EndGlobal
